
Microsoft Visual Studio Solution File, Format Version 12.00
# Visual Studio Version 17
VisualStudioVersion = 17.10.35122.118
MinimumVisualStudioVersion = 10.0.40219.1
Project("{FAE04EC0-301F-11D3-BF4B-00C04F79EFBC}") = "cs-school-ms", "cs-school-ms\cs-school-ms.csproj", "{D95917E4-7EC9-4313-869D-380FD426A6BF}"
EndProject
Project("{FAE04EC0-301F-11D3-BF4B-00C04F79EFBC}") = "backend", "backend\backend.csproj", "{6D95C807-78DE-47D8-9F29-55E5C28F5279}"
EndProject
Global
	GlobalSection(SolutionConfigurationPlatforms) = preSolution
		Debug|Any CPU = Debug|Any CPU
		Release|Any CPU = Release|Any CPU
	EndGlobalSection
	GlobalSection(ProjectConfigurationPlatforms) = postSolution
		{D95917E4-7EC9-4313-869D-380FD426A6BF}.Debug|Any CPU.ActiveCfg = Debug|Any CPU
		{D95917E4-7EC9-4313-869D-380FD426A6BF}.Debug|Any CPU.Build.0 = Debug|Any CPU
		{D95917E4-7EC9-4313-869D-380FD426A6BF}.Release|Any CPU.ActiveCfg = Release|Any CPU
		{D95917E4-7EC9-4313-869D-380FD426A6BF}.Release|Any CPU.Build.0 = Release|Any CPU
		{6D95C807-78DE-47D8-9F29-55E5C28F5279}.Debug|Any CPU.ActiveCfg = Debug|Any CPU
		{6D95C807-78DE-47D8-9F29-55E5C28F5279}.Debug|Any CPU.Build.0 = Debug|Any CPU
		{6D95C807-78DE-47D8-9F29-55E5C28F5279}.Release|Any CPU.ActiveCfg = Release|Any CPU
		{6D95C807-78DE-47D8-9F29-55E5C28F5279}.Release|Any CPU.Build.0 = Release|Any CPU
	EndGlobalSection
	GlobalSection(SolutionProperties) = preSolution
		HideSolutionNode = FALSE
	EndGlobalSection
	GlobalSection(ExtensibilityGlobals) = postSolution
		SolutionGuid = {8947CAAA-8EAD-400E-A7C6-0FC40B855D27}
	EndGlobalSection
EndGlobal
